// !$*UTF8*$!
{
	archiveVersion = 1;
	classes = {
	};
	objectVersion = 51;
	objects = {

/* Begin PBXBuildFile section */
		183815D424528A1C002C52BA /* SwiftyTextUnderLine.swift in Sources */ = {isa = PBXBuildFile; fileRef = 183815D324528A1C002C52BA /* SwiftyTextUnderLine.swift */; };
		183815D624528B65002C52BA /* SwiftyTextStrikethrough.swift in Sources */ = {isa = PBXBuildFile; fileRef = 183815D524528B65002C52BA /* SwiftyTextStrikethrough.swift */; };
		183815D824528BE9002C52BA /* SwiftyTextHighlight.swift in Sources */ = {isa = PBXBuildFile; fileRef = 183815D724528BE9002C52BA /* SwiftyTextHighlight.swift */; };
		183815DA24528C14002C52BA /* SwiftyTextRunDelegate.swift in Sources */ = {isa = PBXBuildFile; fileRef = 183815D924528C14002C52BA /* SwiftyTextRunDelegate.swift */; };
		183815DC24528D88002C52BA /* SwiftyTextReplace.swift in Sources */ = {isa = PBXBuildFile; fileRef = 183815DB24528D88002C52BA /* SwiftyTextReplace.swift */; };
		183815DE24528F0C002C52BA /* NSParagraphStyle+SwiftyText.swift in Sources */ = {isa = PBXBuildFile; fileRef = 183815DD24528F0C002C52BA /* NSParagraphStyle+SwiftyText.swift */; };
		183815E024528F66002C52BA /* NSMutableAttributedString+SwiftyText.swift in Sources */ = {isa = PBXBuildFile; fileRef = 183815DF24528F66002C52BA /* NSMutableAttributedString+SwiftyText.swift */; };
		183815E22452946F002C52BA /* SwiftyTextContainer.swift in Sources */ = {isa = PBXBuildFile; fileRef = 183815E12452946F002C52BA /* SwiftyTextContainer.swift */; };
		183815E4245295B5002C52BA /* SwiftyTextLayout.swift in Sources */ = {isa = PBXBuildFile; fileRef = 183815E3245295B5002C52BA /* SwiftyTextLayout.swift */; };
		183815E62452C717002C52BA /* SwiftyTextDraw.swift in Sources */ = {isa = PBXBuildFile; fileRef = 183815E52452C717002C52BA /* SwiftyTextDraw.swift */; };
		183815E82452D144002C52BA /* SwiftyTextUtilities.swift in Sources */ = {isa = PBXBuildFile; fileRef = 183815E72452D144002C52BA /* SwiftyTextUtilities.swift */; };
		183815EA245306B0002C52BA /* Array+SwiftyText.swift in Sources */ = {isa = PBXBuildFile; fileRef = 183815E9245306B0002C52BA /* Array+SwiftyText.swift */; };
		18B2360624552996009FA100 /* SwiftyTextAsyncLayer.m in Sources */ = {isa = PBXBuildFile; fileRef = 18B2360524552996009FA100 /* SwiftyTextAsyncLayer.m */; };
		18B2360924552E5C009FA100 /* SwiftyTextProxy.m in Sources */ = {isa = PBXBuildFile; fileRef = 18B2360824552E5C009FA100 /* SwiftyTextProxy.m */; };
		18B2360B2455374F009FA100 /* SwiftyLabel.swift in Sources */ = {isa = PBXBuildFile; fileRef = 18B2360A2455374F009FA100 /* SwiftyLabel.swift */; };
		18B2360E24559019009FA100 /* Futura-Medium.ttf in Resources */ = {isa = PBXBuildFile; fileRef = 18B2360C24559018009FA100 /* Futura-Medium.ttf */; };
		18B2360F24559019009FA100 /* AdihausDIN.ttf in Resources */ = {isa = PBXBuildFile; fileRef = 18B2360D24559019009FA100 /* AdihausDIN.ttf */; };
		18B236112455907E009FA100 /* CustomFontViewController.swift in Sources */ = {isa = PBXBuildFile; fileRef = 18B236102455907E009FA100 /* CustomFontViewController.swift */; };
		18B236132455AE64009FA100 /* Monsieur La Doulaise.ttf in Resources */ = {isa = PBXBuildFile; fileRef = 18B236122455AE64009FA100 /* Monsieur La Doulaise.ttf */; };
		18B236172455B921009FA100 /* BaseViewController.swift in Sources */ = {isa = PBXBuildFile; fileRef = 18B236162455B921009FA100 /* BaseViewController.swift */; };
		18BFEE812451B6600027981B /* AppDelegate.swift in Sources */ = {isa = PBXBuildFile; fileRef = 18BFEE802451B6600027981B /* AppDelegate.swift */; };
		18BFEE852451B6600027981B /* ViewController.swift in Sources */ = {isa = PBXBuildFile; fileRef = 18BFEE842451B6600027981B /* ViewController.swift */; };
		18BFEE882451B6600027981B /* Main.storyboard in Resources */ = {isa = PBXBuildFile; fileRef = 18BFEE862451B6600027981B /* Main.storyboard */; };
		18BFEE8A2451B6620027981B /* Assets.xcassets in Resources */ = {isa = PBXBuildFile; fileRef = 18BFEE892451B6620027981B /* Assets.xcassets */; };
		18BFEE8D2451B6620027981B /* LaunchScreen.storyboard in Resources */ = {isa = PBXBuildFile; fileRef = 18BFEE8B2451B6620027981B /* LaunchScreen.storyboard */; };
		18BFEE982451B8A80027981B /* SwiftyTextLine.swift in Sources */ = {isa = PBXBuildFile; fileRef = 18BFEE972451B8A80027981B /* SwiftyTextLine.swift */; };
		18BFEE9F2451BB160027981B /* SwiftyTextAttributes.swift in Sources */ = {isa = PBXBuildFile; fileRef = 18BFEE9E2451BB160027981B /* SwiftyTextAttributes.swift */; };
		18BFEEA12451BDEA0027981B /* SwiftyTextAttachment.swift in Sources */ = {isa = PBXBuildFile; fileRef = 18BFEEA02451BDEA0027981B /* SwiftyTextAttachment.swift */; };
		18BFEEA32451BFCE0027981B /* SwiftyTextBorder.swift in Sources */ = {isa = PBXBuildFile; fileRef = 18BFEEA22451BFCE0027981B /* SwiftyTextBorder.swift */; };
		88ADD235F0EE3E17BDAF2A07 /* Pods_SwiftyText.framework in Frameworks */ = {isa = PBXBuildFile; fileRef = B9F796F3F9707BBA17FF7568 /* Pods_SwiftyText.framework */; };
/* End PBXBuildFile section */

/* Begin PBXFileReference section */
		183815D324528A1C002C52BA /* SwiftyTextUnderLine.swift */ = {isa = PBXFileReference; lastKnownFileType = sourcecode.swift; path = SwiftyTextUnderLine.swift; sourceTree = "<group>"; };
		183815D524528B65002C52BA /* SwiftyTextStrikethrough.swift */ = {isa = PBXFileReference; lastKnownFileType = sourcecode.swift; path = SwiftyTextStrikethrough.swift; sourceTree = "<group>"; };
		183815D724528BE9002C52BA /* SwiftyTextHighlight.swift */ = {isa = PBXFileReference; lastKnownFileType = sourcecode.swift; path = SwiftyTextHighlight.swift; sourceTree = "<group>"; };
		183815D924528C14002C52BA /* SwiftyTextRunDelegate.swift */ = {isa = PBXFileReference; lastKnownFileType = sourcecode.swift; path = SwiftyTextRunDelegate.swift; sourceTree = "<group>"; };
		183815DB24528D88002C52BA /* SwiftyTextReplace.swift */ = {isa = PBXFileReference; lastKnownFileType = sourcecode.swift; path = SwiftyTextReplace.swift; sourceTree = "<group>"; };
		183815DD24528F0C002C52BA /* NSParagraphStyle+SwiftyText.swift */ = {isa = PBXFileReference; lastKnownFileType = sourcecode.swift; path = "NSParagraphStyle+SwiftyText.swift"; sourceTree = "<group>"; };
		183815DF24528F66002C52BA /* NSMutableAttributedString+SwiftyText.swift */ = {isa = PBXFileReference; lastKnownFileType = sourcecode.swift; path = "NSMutableAttributedString+SwiftyText.swift"; sourceTree = "<group>"; };
		183815E12452946F002C52BA /* SwiftyTextContainer.swift */ = {isa = PBXFileReference; lastKnownFileType = sourcecode.swift; path = SwiftyTextContainer.swift; sourceTree = "<group>"; };
		183815E3245295B5002C52BA /* SwiftyTextLayout.swift */ = {isa = PBXFileReference; lastKnownFileType = sourcecode.swift; path = SwiftyTextLayout.swift; sourceTree = "<group>"; };
		183815E52452C717002C52BA /* SwiftyTextDraw.swift */ = {isa = PBXFileReference; lastKnownFileType = sourcecode.swift; path = SwiftyTextDraw.swift; sourceTree = "<group>"; };
		183815E72452D144002C52BA /* SwiftyTextUtilities.swift */ = {isa = PBXFileReference; lastKnownFileType = sourcecode.swift; path = SwiftyTextUtilities.swift; sourceTree = "<group>"; };
		183815E9245306B0002C52BA /* Array+SwiftyText.swift */ = {isa = PBXFileReference; lastKnownFileType = sourcecode.swift; path = "Array+SwiftyText.swift"; sourceTree = "<group>"; };
		18B2360424552996009FA100 /* SwiftyTextAsyncLayer.h */ = {isa = PBXFileReference; lastKnownFileType = sourcecode.c.h; path = SwiftyTextAsyncLayer.h; sourceTree = "<group>"; };
		18B2360524552996009FA100 /* SwiftyTextAsyncLayer.m */ = {isa = PBXFileReference; lastKnownFileType = sourcecode.c.objc; path = SwiftyTextAsyncLayer.m; sourceTree = "<group>"; };
		18B2360724552E5C009FA100 /* SwiftyTextProxy.h */ = {isa = PBXFileReference; lastKnownFileType = sourcecode.c.h; path = SwiftyTextProxy.h; sourceTree = "<group>"; };
		18B2360824552E5C009FA100 /* SwiftyTextProxy.m */ = {isa = PBXFileReference; lastKnownFileType = sourcecode.c.objc; path = SwiftyTextProxy.m; sourceTree = "<group>"; };
		18B2360A2455374F009FA100 /* SwiftyLabel.swift */ = {isa = PBXFileReference; lastKnownFileType = sourcecode.swift; path = SwiftyLabel.swift; sourceTree = "<group>"; };
		18B2360C24559018009FA100 /* Futura-Medium.ttf */ = {isa = PBXFileReference; lastKnownFileType = file; path = "Futura-Medium.ttf"; sourceTree = "<group>"; };
		18B2360D24559019009FA100 /* AdihausDIN.ttf */ = {isa = PBXFileReference; lastKnownFileType = file; path = AdihausDIN.ttf; sourceTree = "<group>"; };
		18B236102455907E009FA100 /* CustomFontViewController.swift */ = {isa = PBXFileReference; lastKnownFileType = sourcecode.swift; path = CustomFontViewController.swift; sourceTree = "<group>"; };
		18B236122455AE64009FA100 /* Monsieur La Doulaise.ttf */ = {isa = PBXFileReference; lastKnownFileType = file; path = "Monsieur La Doulaise.ttf"; sourceTree = "<group>"; };
		18B236162455B921009FA100 /* BaseViewController.swift */ = {isa = PBXFileReference; lastKnownFileType = sourcecode.swift; path = BaseViewController.swift; sourceTree = "<group>"; };
		18BFEE7D2451B6600027981B /* SwiftyText.app */ = {isa = PBXFileReference; explicitFileType = wrapper.application; includeInIndex = 0; path = SwiftyText.app; sourceTree = BUILT_PRODUCTS_DIR; };
		18BFEE802451B6600027981B /* AppDelegate.swift */ = {isa = PBXFileReference; lastKnownFileType = sourcecode.swift; path = AppDelegate.swift; sourceTree = "<group>"; };
		18BFEE842451B6600027981B /* ViewController.swift */ = {isa = PBXFileReference; lastKnownFileType = sourcecode.swift; path = ViewController.swift; sourceTree = "<group>"; };
		18BFEE872451B6600027981B /* Base */ = {isa = PBXFileReference; lastKnownFileType = file.storyboard; name = Base; path = Base.lproj/Main.storyboard; sourceTree = "<group>"; };
		18BFEE892451B6620027981B /* Assets.xcassets */ = {isa = PBXFileReference; lastKnownFileType = folder.assetcatalog; path = Assets.xcassets; sourceTree = "<group>"; };
		18BFEE8C2451B6620027981B /* Base */ = {isa = PBXFileReference; lastKnownFileType = file.storyboard; name = Base; path = Base.lproj/LaunchScreen.storyboard; sourceTree = "<group>"; };
		18BFEE8E2451B6620027981B /* Info.plist */ = {isa = PBXFileReference; lastKnownFileType = text.plist.xml; path = Info.plist; sourceTree = "<group>"; };
		18BFEE972451B8A80027981B /* SwiftyTextLine.swift */ = {isa = PBXFileReference; lastKnownFileType = sourcecode.swift; path = SwiftyTextLine.swift; sourceTree = "<group>"; };
		18BFEE9A2451BA920027981B /* SwiftyText-Bridging-Header.h */ = {isa = PBXFileReference; lastKnownFileType = sourcecode.c.h; path = "SwiftyText-Bridging-Header.h"; sourceTree = "<group>"; };
		18BFEE9E2451BB160027981B /* SwiftyTextAttributes.swift */ = {isa = PBXFileReference; lastKnownFileType = sourcecode.swift; path = SwiftyTextAttributes.swift; sourceTree = "<group>"; };
		18BFEEA02451BDEA0027981B /* SwiftyTextAttachment.swift */ = {isa = PBXFileReference; lastKnownFileType = sourcecode.swift; path = SwiftyTextAttachment.swift; sourceTree = "<group>"; };
		18BFEEA22451BFCE0027981B /* SwiftyTextBorder.swift */ = {isa = PBXFileReference; lastKnownFileType = sourcecode.swift; path = SwiftyTextBorder.swift; sourceTree = "<group>"; };
		5BE848A7ED212A722F3A88CB /* Pods-SwiftyText.release.xcconfig */ = {isa = PBXFileReference; includeInIndex = 1; lastKnownFileType = text.xcconfig; name = "Pods-SwiftyText.release.xcconfig"; path = "Target Support Files/Pods-SwiftyText/Pods-SwiftyText.release.xcconfig"; sourceTree = "<group>"; };
		A550D40C81A8771F5C33FC29 /* Pods-SwiftyText.debug.xcconfig */ = {isa = PBXFileReference; includeInIndex = 1; lastKnownFileType = text.xcconfig; name = "Pods-SwiftyText.debug.xcconfig"; path = "Target Support Files/Pods-SwiftyText/Pods-SwiftyText.debug.xcconfig"; sourceTree = "<group>"; };
		B9F796F3F9707BBA17FF7568 /* Pods_SwiftyText.framework */ = {isa = PBXFileReference; explicitFileType = wrapper.framework; includeInIndex = 0; path = Pods_SwiftyText.framework; sourceTree = BUILT_PRODUCTS_DIR; };
/* End PBXFileReference section */

/* Begin PBXFrameworksBuildPhase section */
		18BFEE7A2451B6600027981B /* Frameworks */ = {
			isa = PBXFrameworksBuildPhase;
			buildActionMask = 2147483647;
			files = (
				88ADD235F0EE3E17BDAF2A07 /* Pods_SwiftyText.framework in Frameworks */,
			);
			runOnlyForDeploymentPostprocessing = 0;
		};
/* End PBXFrameworksBuildPhase section */

/* Begin PBXGroup section */
		18B236142455B11A009FA100 /* Custom Font */ = {
			isa = PBXGroup;
			children = (
				18B236102455907E009FA100 /* CustomFontViewController.swift */,
			);
			path = "Custom Font";
			sourceTree = "<group>";
		};
		18B236152455B915009FA100 /* Base */ = {
			isa = PBXGroup;
			children = (
				18B236162455B921009FA100 /* BaseViewController.swift */,
			);
			path = Base;
			sourceTree = "<group>";
		};
		18BFEE742451B6600027981B = {
			isa = PBXGroup;
			children = (
				18BFEE7F2451B6600027981B /* SwiftyText */,
				18BFEE7E2451B6600027981B /* Products */,
				E10578F9B935DAEEC42078BC /* Pods */,
				86B3ADF1AE2FDC5334F74107 /* Frameworks */,
			);
			sourceTree = "<group>";
		};
		18BFEE7E2451B6600027981B /* Products */ = {
			isa = PBXGroup;
			children = (
				18BFEE7D2451B6600027981B /* SwiftyText.app */,
			);
			name = Products;
			sourceTree = "<group>";
		};
		18BFEE7F2451B6600027981B /* SwiftyText */ = {
			isa = PBXGroup;
			children = (
				18BFEE942451B7B30027981B /* Sources */,
				18BFEE802451B6600027981B /* AppDelegate.swift */,
				18BFEE842451B6600027981B /* ViewController.swift */,
				18B236152455B915009FA100 /* Base */,
				18B236142455B11A009FA100 /* Custom Font */,
				18BFEE862451B6600027981B /* Main.storyboard */,
				18BFEE892451B6620027981B /* Assets.xcassets */,
				18BFEE8B2451B6620027981B /* LaunchScreen.storyboard */,
				18BFEE8E2451B6620027981B /* Info.plist */,
				18B2360D24559019009FA100 /* AdihausDIN.ttf */,
				18B2360C24559018009FA100 /* Futura-Medium.ttf */,
				18B236122455AE64009FA100 /* Monsieur La Doulaise.ttf */,
				18BFEE9A2451BA920027981B /* SwiftyText-Bridging-Header.h */,
			);
			path = SwiftyText;
			sourceTree = "<group>";
		};
		18BFEE942451B7B30027981B /* Sources */ = {
			isa = PBXGroup;
			children = (
				18B2360A2455374F009FA100 /* SwiftyLabel.swift */,
				18BFEE972451B8A80027981B /* SwiftyTextLine.swift */,
				183815E3245295B5002C52BA /* SwiftyTextLayout.swift */,
				183815E52452C717002C52BA /* SwiftyTextDraw.swift */,
				183815E12452946F002C52BA /* SwiftyTextContainer.swift */,
				18BFEE9E2451BB160027981B /* SwiftyTextAttributes.swift */,
				183815E72452D144002C52BA /* SwiftyTextUtilities.swift */,
				183815DF24528F66002C52BA /* NSMutableAttributedString+SwiftyText.swift */,
				183815E9245306B0002C52BA /* Array+SwiftyText.swift */,
				183815DD24528F0C002C52BA /* NSParagraphStyle+SwiftyText.swift */,
				18B2360424552996009FA100 /* SwiftyTextAsyncLayer.h */,
				18B2360524552996009FA100 /* SwiftyTextAsyncLayer.m */,
				18B2360724552E5C009FA100 /* SwiftyTextProxy.h */,
				18B2360824552E5C009FA100 /* SwiftyTextProxy.m */,
				18BFEE992451B9FD0027981B /* Attributes */,
			);
			path = Sources;
			sourceTree = SOURCE_ROOT;
		};
		18BFEE992451B9FD0027981B /* Attributes */ = {
			isa = PBXGroup;
			children = (
				18BFEEA02451BDEA0027981B /* SwiftyTextAttachment.swift */,
				183815D724528BE9002C52BA /* SwiftyTextHighlight.swift */,
				18BFEEA22451BFCE0027981B /* SwiftyTextBorder.swift */,
				183815D324528A1C002C52BA /* SwiftyTextUnderLine.swift */,
				183815D524528B65002C52BA /* SwiftyTextStrikethrough.swift */,
				183815D924528C14002C52BA /* SwiftyTextRunDelegate.swift */,
				183815DB24528D88002C52BA /* SwiftyTextReplace.swift */,
			);
			path = Attributes;
			sourceTree = "<group>";
		};
		86B3ADF1AE2FDC5334F74107 /* Frameworks */ = {
			isa = PBXGroup;
			children = (
				B9F796F3F9707BBA17FF7568 /* Pods_SwiftyText.framework */,
			);
			name = Frameworks;
			sourceTree = "<group>";
		};
		E10578F9B935DAEEC42078BC /* Pods */ = {
			isa = PBXGroup;
			children = (
				A550D40C81A8771F5C33FC29 /* Pods-SwiftyText.debug.xcconfig */,
				5BE848A7ED212A722F3A88CB /* Pods-SwiftyText.release.xcconfig */,
			);
			path = Pods;
			sourceTree = "<group>";
		};
/* End PBXGroup section */

/* Begin PBXNativeTarget section */
		18BFEE7C2451B6600027981B /* SwiftyText */ = {
			isa = PBXNativeTarget;
			buildConfigurationList = 18BFEE912451B6620027981B /* Build configuration list for PBXNativeTarget "SwiftyText" */;
			buildPhases = (
				BFF6F25006DD10018A42A13D /* [CP] Check Pods Manifest.lock */,
				18BFEE792451B6600027981B /* Sources */,
				18BFEE7A2451B6600027981B /* Frameworks */,
				18BFEE7B2451B6600027981B /* Resources */,
				B1C3AB11B49F099E255BD955 /* [CP] Embed Pods Frameworks */,
			);
			buildRules = (
			);
			dependencies = (
			);
			name = SwiftyText;
			productName = SwiftyText;
			productReference = 18BFEE7D2451B6600027981B /* SwiftyText.app */;
			productType = "com.apple.product-type.application";
		};
/* End PBXNativeTarget section */

/* Begin PBXProject section */
		18BFEE752451B6600027981B /* Project object */ = {
			isa = PBXProject;
			attributes = {
				LastSwiftUpdateCheck = 1130;
				LastUpgradeCheck = 1130;
				ORGANIZATIONNAME = yinhe;
				TargetAttributes = {
					18BFEE7C2451B6600027981B = {
						CreatedOnToolsVersion = 11.3;
						LastSwiftMigration = 1130;
					};
				};
			};
			buildConfigurationList = 18BFEE782451B6600027981B /* Build configuration list for PBXProject "SwiftyText" */;
			compatibilityVersion = "Xcode 9.3";
			developmentRegion = en;
			hasScannedForEncodings = 0;
			knownRegions = (
				en,
				Base,
			);
			mainGroup = 18BFEE742451B6600027981B;
			productRefGroup = 18BFEE7E2451B6600027981B /* Products */;
			projectDirPath = "";
			projectRoot = "";
			targets = (
				18BFEE7C2451B6600027981B /* SwiftyText */,
			);
		};
/* End PBXProject section */

/* Begin PBXResourcesBuildPhase section */
		18BFEE7B2451B6600027981B /* Resources */ = {
			isa = PBXResourcesBuildPhase;
			buildActionMask = 2147483647;
			files = (
				18BFEE8D2451B6620027981B /* LaunchScreen.storyboard in Resources */,
				18B2360F24559019009FA100 /* AdihausDIN.ttf in Resources */,
				18BFEE8A2451B6620027981B /* Assets.xcassets in Resources */,
				18B2360E24559019009FA100 /* Futura-Medium.ttf in Resources */,
				18BFEE882451B6600027981B /* Main.storyboard in Resources */,
				18B236132455AE64009FA100 /* Monsieur La Doulaise.ttf in Resources */,
			);
			runOnlyForDeploymentPostprocessing = 0;
		};
/* End PBXResourcesBuildPhase section */

/* Begin PBXShellScriptBuildPhase section */
		B1C3AB11B49F099E255BD955 /* [CP] Embed Pods Frameworks */ = {
			isa = PBXShellScriptBuildPhase;
			buildActionMask = 2147483647;
			files = (
			);
			inputFileListPaths = (
				"${PODS_ROOT}/Target Support Files/Pods-SwiftyText/Pods-SwiftyText-frameworks-${CONFIGURATION}-input-files.xcfilelist",
			);
			name = "[CP] Embed Pods Frameworks";
			outputFileListPaths = (
				"${PODS_ROOT}/Target Support Files/Pods-SwiftyText/Pods-SwiftyText-frameworks-${CONFIGURATION}-output-files.xcfilelist",
			);
			runOnlyForDeploymentPostprocessing = 0;
			shellPath = /bin/sh;
			shellScript = "\"${PODS_ROOT}/Target Support Files/Pods-SwiftyText/Pods-SwiftyText-frameworks.sh\"\n";
			showEnvVarsInLog = 0;
		};
		BFF6F25006DD10018A42A13D /* [CP] Check Pods Manifest.lock */ = {
			isa = PBXShellScriptBuildPhase;
			buildActionMask = 2147483647;
			files = (
			);
			inputFileListPaths = (
			);
			inputPaths = (
				"${PODS_PODFILE_DIR_PATH}/Podfile.lock",
				"${PODS_ROOT}/Manifest.lock",
			);
			name = "[CP] Check Pods Manifest.lock";
			outputFileListPaths = (
			);
			outputPaths = (
				"$(DERIVED_FILE_DIR)/Pods-SwiftyText-checkManifestLockResult.txt",
			);
			runOnlyForDeploymentPostprocessing = 0;
			shellPath = /bin/sh;
			shellScript = "diff \"${PODS_PODFILE_DIR_PATH}/Podfile.lock\" \"${PODS_ROOT}/Manifest.lock\" > /dev/null\nif [ $? != 0 ] ; then\n    # print error to STDERR\n    echo \"error: The sandbox is not in sync with the Podfile.lock. Run 'pod install' or update your CocoaPods installation.\" >&2\n    exit 1\nfi\n# This output is used by Xcode 'outputs' to avoid re-running this script phase.\necho \"SUCCESS\" > \"${SCRIPT_OUTPUT_FILE_0}\"\n";
			showEnvVarsInLog = 0;
		};
/* End PBXShellScriptBuildPhase section */

/* Begin PBXSourcesBuildPhase section */
		18BFEE792451B6600027981B /* Sources */ = {
			isa = PBXSourcesBuildPhase;
			buildActionMask = 2147483647;
			files = (
				183815DA24528C14002C52BA /* SwiftyTextRunDelegate.swift in Sources */,
				18BFEE852451B6600027981B /* ViewController.swift in Sources */,
				18BFEE9F2451BB160027981B /* SwiftyTextAttributes.swift in Sources */,
				18B236172455B921009FA100 /* BaseViewController.swift in Sources */,
				183815DE24528F0C002C52BA /* NSParagraphStyle+SwiftyText.swift in Sources */,
				18BFEE812451B6600027981B /* AppDelegate.swift in Sources */,
				183815E62452C717002C52BA /* SwiftyTextDraw.swift in Sources */,
				183815E22452946F002C52BA /* SwiftyTextContainer.swift in Sources */,
				183815E024528F66002C52BA /* NSMutableAttributedString+SwiftyText.swift in Sources */,
				18B236112455907E009FA100 /* CustomFontViewController.swift in Sources */,
				18BFEEA32451BFCE0027981B /* SwiftyTextBorder.swift in Sources */,
				183815E82452D144002C52BA /* SwiftyTextUtilities.swift in Sources */,
				183815EA245306B0002C52BA /* Array+SwiftyText.swift in Sources */,
				18BFEE982451B8A80027981B /* SwiftyTextLine.swift in Sources */,
				183815D624528B65002C52BA /* SwiftyTextStrikethrough.swift in Sources */,
				183815E4245295B5002C52BA /* SwiftyTextLayout.swift in Sources */,
				18B2360B2455374F009FA100 /* SwiftyLabel.swift in Sources */,
				183815D424528A1C002C52BA /* SwiftyTextUnderLine.swift in Sources */,
				183815D824528BE9002C52BA /* SwiftyTextHighlight.swift in Sources */,
				18B2360924552E5C009FA100 /* SwiftyTextProxy.m in Sources */,
				183815DC24528D88002C52BA /* SwiftyTextReplace.swift in Sources */,
				18BFEEA12451BDEA0027981B /* SwiftyTextAttachment.swift in Sources */,
				18B2360624552996009FA100 /* SwiftyTextAsyncLayer.m in Sources */,
			);
			runOnlyForDeploymentPostprocessing = 0;
		};
/* End PBXSourcesBuildPhase section */

/* Begin PBXVariantGroup section */
		18BFEE862451B6600027981B /* Main.storyboard */ = {
			isa = PBXVariantGroup;
			children = (
				18BFEE872451B6600027981B /* Base */,
			);
			name = Main.storyboard;
			sourceTree = "<group>";
		};
		18BFEE8B2451B6620027981B /* LaunchScreen.storyboard */ = {
			isa = PBXVariantGroup;
			children = (
				18BFEE8C2451B6620027981B /* Base */,
			);
			name = LaunchScreen.storyboard;
			sourceTree = "<group>";
		};
/* End PBXVariantGroup section */

/* Begin XCBuildConfiguration section */
		18BFEE8F2451B6620027981B /* Debug */ = {
			isa = XCBuildConfiguration;
			buildSettings = {
				ALWAYS_SEARCH_USER_PATHS = NO;
				CLANG_ANALYZER_NONNULL = YES;
				CLANG_ANALYZER_NUMBER_OBJECT_CONVERSION = YES_AGGRESSIVE;
				CLANG_CXX_LANGUAGE_STANDARD = "gnu++14";
				CLANG_CXX_LIBRARY = "libc++";
				CLANG_ENABLE_MODULES = YES;
				CLANG_ENABLE_OBJC_ARC = YES;
				CLANG_ENABLE_OBJC_WEAK = YES;
				CLANG_WARN_BLOCK_CAPTURE_AUTORELEASING = YES;
				CLANG_WARN_BOOL_CONVERSION = YES;
				CLANG_WARN_COMMA = YES;
				CLANG_WARN_CONSTANT_CONVERSION = YES;
				CLANG_WARN_DEPRECATED_OBJC_IMPLEMENTATIONS = YES;
				CLANG_WARN_DIRECT_OBJC_ISA_USAGE = YES_ERROR;
				CLANG_WARN_DOCUMENTATION_COMMENTS = YES;
				CLANG_WARN_EMPTY_BODY = YES;
				CLANG_WARN_ENUM_CONVERSION = YES;
				CLANG_WARN_INFINITE_RECURSION = YES;
				CLANG_WARN_INT_CONVERSION = YES;
				CLANG_WARN_NON_LITERAL_NULL_CONVERSION = YES;
				CLANG_WARN_OBJC_IMPLICIT_RETAIN_SELF = YES;
				CLANG_WARN_OBJC_LITERAL_CONVERSION = YES;
				CLANG_WARN_OBJC_ROOT_CLASS = YES_ERROR;
				CLANG_WARN_RANGE_LOOP_ANALYSIS = YES;
				CLANG_WARN_STRICT_PROTOTYPES = YES;
				CLANG_WARN_SUSPICIOUS_MOVE = YES;
				CLANG_WARN_UNGUARDED_AVAILABILITY = YES_AGGRESSIVE;
				CLANG_WARN_UNREACHABLE_CODE = YES;
				CLANG_WARN__DUPLICATE_METHOD_MATCH = YES;
				COPY_PHASE_STRIP = NO;
				DEBUG_INFORMATION_FORMAT = dwarf;
				ENABLE_STRICT_OBJC_MSGSEND = YES;
				ENABLE_TESTABILITY = YES;
				GCC_C_LANGUAGE_STANDARD = gnu11;
				GCC_DYNAMIC_NO_PIC = NO;
				GCC_NO_COMMON_BLOCKS = YES;
				GCC_OPTIMIZATION_LEVEL = 0;
				GCC_PREPROCESSOR_DEFINITIONS = (
					"DEBUG=1",
					"$(inherited)",
				);
				GCC_WARN_64_TO_32_BIT_CONVERSION = YES;
				GCC_WARN_ABOUT_RETURN_TYPE = YES_ERROR;
				GCC_WARN_UNDECLARED_SELECTOR = YES;
				GCC_WARN_UNINITIALIZED_AUTOS = YES_AGGRESSIVE;
				GCC_WARN_UNUSED_FUNCTION = YES;
				GCC_WARN_UNUSED_VARIABLE = YES;
				IPHONEOS_DEPLOYMENT_TARGET = 13.2;
				MTL_ENABLE_DEBUG_INFO = INCLUDE_SOURCE;
				MTL_FAST_MATH = YES;
				ONLY_ACTIVE_ARCH = YES;
				SDKROOT = iphoneos;
				SWIFT_ACTIVE_COMPILATION_CONDITIONS = DEBUG;
				SWIFT_OPTIMIZATION_LEVEL = "-Onone";
			};
			name = Debug;
		};
		18BFEE902451B6620027981B /* Release */ = {
			isa = XCBuildConfiguration;
			buildSettings = {
				ALWAYS_SEARCH_USER_PATHS = NO;
				CLANG_ANALYZER_NONNULL = YES;
				CLANG_ANALYZER_NUMBER_OBJECT_CONVERSION = YES_AGGRESSIVE;
				CLANG_CXX_LANGUAGE_STANDARD = "gnu++14";
				CLANG_CXX_LIBRARY = "libc++";
				CLANG_ENABLE_MODULES = YES;
				CLANG_ENABLE_OBJC_ARC = YES;
				CLANG_ENABLE_OBJC_WEAK = YES;
				CLANG_WARN_BLOCK_CAPTURE_AUTORELEASING = YES;
				CLANG_WARN_BOOL_CONVERSION = YES;
				CLANG_WARN_COMMA = YES;
				CLANG_WARN_CONSTANT_CONVERSION = YES;
				CLANG_WARN_DEPRECATED_OBJC_IMPLEMENTATIONS = YES;
				CLANG_WARN_DIRECT_OBJC_ISA_USAGE = YES_ERROR;
				CLANG_WARN_DOCUMENTATION_COMMENTS = YES;
				CLANG_WARN_EMPTY_BODY = YES;
				CLANG_WARN_ENUM_CONVERSION = YES;
				CLANG_WARN_INFINITE_RECURSION = YES;
				CLANG_WARN_INT_CONVERSION = YES;
				CLANG_WARN_NON_LITERAL_NULL_CONVERSION = YES;
				CLANG_WARN_OBJC_IMPLICIT_RETAIN_SELF = YES;
				CLANG_WARN_OBJC_LITERAL_CONVERSION = YES;
				CLANG_WARN_OBJC_ROOT_CLASS = YES_ERROR;
				CLANG_WARN_RANGE_LOOP_ANALYSIS = YES;
				CLANG_WARN_STRICT_PROTOTYPES = YES;
				CLANG_WARN_SUSPICIOUS_MOVE = YES;
				CLANG_WARN_UNGUARDED_AVAILABILITY = YES_AGGRESSIVE;
				CLANG_WARN_UNREACHABLE_CODE = YES;
				CLANG_WARN__DUPLICATE_METHOD_MATCH = YES;
				COPY_PHASE_STRIP = NO;
				DEBUG_INFORMATION_FORMAT = "dwarf-with-dsym";
				ENABLE_NS_ASSERTIONS = NO;
				ENABLE_STRICT_OBJC_MSGSEND = YES;
				GCC_C_LANGUAGE_STANDARD = gnu11;
				GCC_NO_COMMON_BLOCKS = YES;
				GCC_WARN_64_TO_32_BIT_CONVERSION = YES;
				GCC_WARN_ABOUT_RETURN_TYPE = YES_ERROR;
				GCC_WARN_UNDECLARED_SELECTOR = YES;
				GCC_WARN_UNINITIALIZED_AUTOS = YES_AGGRESSIVE;
				GCC_WARN_UNUSED_FUNCTION = YES;
				GCC_WARN_UNUSED_VARIABLE = YES;
				IPHONEOS_DEPLOYMENT_TARGET = 13.2;
				MTL_ENABLE_DEBUG_INFO = NO;
				MTL_FAST_MATH = YES;
				SDKROOT = iphoneos;
				SWIFT_COMPILATION_MODE = wholemodule;
				SWIFT_OPTIMIZATION_LEVEL = "-O";
				VALIDATE_PRODUCT = YES;
			};
			name = Release;
		};
		18BFEE922451B6620027981B /* Debug */ = {
			isa = XCBuildConfiguration;
			baseConfigurationReference = A550D40C81A8771F5C33FC29 /* Pods-SwiftyText.debug.xcconfig */;
			buildSettings = {
				ASSETCATALOG_COMPILER_APPICON_NAME = AppIcon;
				CLANG_ENABLE_MODULES = YES;
				CODE_SIGN_STYLE = Automatic;
				DEVELOPMENT_TEAM = 2E8NVCJR97;
				INFOPLIST_FILE = SwiftyText/Info.plist;
				IPHONEOS_DEPLOYMENT_TARGET = 9.0;
				LD_RUNPATH_SEARCH_PATHS = (
					"$(inherited)",
					"@executable_path/Frameworks",
				);
				PRODUCT_BUNDLE_IDENTIFIER = com.yinhe.SwiftyText;
				PRODUCT_NAME = "$(TARGET_NAME)";
				SWIFT_OBJC_BRIDGING_HEADER = "SwiftyText/SwiftyText-Bridging-Header.h";
				SWIFT_OPTIMIZATION_LEVEL = "-Onone";
				SWIFT_VERSION = 5.0;
				TARGETED_DEVICE_FAMILY = 1;
			};
			name = Debug;
		};
		18BFEE932451B6620027981B /* Release */ = {
			isa = XCBuildConfiguration;
			baseConfigurationReference = 5BE848A7ED212A722F3A88CB /* Pods-SwiftyText.release.xcconfig */;
			buildSettings = {
				ASSETCATALOG_COMPILER_APPICON_NAME = AppIcon;
				CLANG_ENABLE_MODULES = YES;
				CODE_SIGN_STYLE = Automatic;
				DEVELOPMENT_TEAM = 2E8NVCJR97;
				INFOPLIST_FILE = SwiftyText/Info.plist;
				IPHONEOS_DEPLOYMENT_TARGET = 9.0;
				LD_RUNPATH_SEARCH_PATHS = (
					"$(inherited)",
					"@executable_path/Frameworks",
				);
				PRODUCT_BUNDLE_IDENTIFIER = com.yinhe.SwiftyText;
				PRODUCT_NAME = "$(TARGET_NAME)";
				SWIFT_OBJC_BRIDGING_HEADER = "SwiftyText/SwiftyText-Bridging-Header.h";
				SWIFT_VERSION = 5.0;
				TARGETED_DEVICE_FAMILY = 1;
			};
			name = Release;
		};
/* End XCBuildConfiguration section */

/* Begin XCConfigurationList section */
		18BFEE782451B6600027981B /* Build configuration list for PBXProject "SwiftyText" */ = {
			isa = XCConfigurationList;
			buildConfigurations = (
				18BFEE8F2451B6620027981B /* Debug */,
				18BFEE902451B6620027981B /* Release */,
			);
			defaultConfigurationIsVisible = 0;
			defaultConfigurationName = Release;
		};
		18BFEE912451B6620027981B /* Build configuration list for PBXNativeTarget "SwiftyText" */ = {
			isa = XCConfigurationList;
			buildConfigurations = (
				18BFEE922451B6620027981B /* Debug */,
				18BFEE932451B6620027981B /* Release */,
			);
			defaultConfigurationIsVisible = 0;
			defaultConfigurationName = Release;
		};
/* End XCConfigurationList section */
	};
	rootObject = 18BFEE752451B6600027981B /* Project object */;
}
